{
    "name": "@runtheons/router",
    "version": "1.0.0",
    "lockfileVersion": 1,
    "requires": true,
    "dependencies": {
        "@runtheons/authorizzation": {
            "version": "git+https://github.com/Zexal0807/runtheons-authorizzation.git#8ca20112a1ace4da3cd893367b4c3be830dee3fa",
            "from": "git+https://github.com/Zexal0807/runtheons-authorizzation.git"
        },
        "@runtheons/response-factory": {
            "version": "git+https://github.com/Zexal0807/runtheons-response-factory.git#7745d2cd5e914e2e770092dda43f2d216806121c",
            "from": "git+https://github.com/Zexal0807/runtheons-response-factory.git"
        },
        "@runtheons/session-manager": {
            "version": "git+https://github.com/Zexal0807/runtheons-session-manager.git#44263a80f0eb14eaf6f6280a53eee2fb92bedde6",
            "from": "git+https://github.com/Zexal0807/runtheons-session-manager.git"
        },
        "fs": {
            "version": "0.0.1-security",
            "resolved": "https://registry.npmjs.org/fs/-/fs-0.0.1-security.tgz",
            "integrity": "sha1-invTcYa23d84E/I4WLV+yq9eQdQ="
        },
        "inherits": {
            "version": "2.0.3",
            "resolved": "https://registry.npmjs.org/inherits/-/inherits-2.0.3.tgz",
            "integrity": "sha1-Yzwsg+PaQqUC9SRmAiSA9CCCYd4="
        },
        "path": {
            "version": "0.12.7",
            "resolved": "https://registry.npmjs.org/path/-/path-0.12.7.tgz",
            "integrity": "sha1-1NwqUGxM4hl+tIHr/NWzbAFAsQ8=",
            "requires": {
                "process": "^0.11.1",
                "util": "^0.10.3"
            }
        },
        "process": {
            "version": "0.11.10",
            "resolved": "https://registry.npmjs.org/process/-/process-0.11.10.tgz",
            "integrity": "sha1-czIwDoQBYb2j5podHZGn1LwW8YI="
        },
        "util": {
            "version": "0.10.4",
            "resolved": "https://registry.npmjs.org/util/-/util-0.10.4.tgz",
            "integrity": "sha512-0Pm9hTQ3se5ll1XihRic3FDIku70C+iHUdT/W926rSgHV5QgXsYbKZN8MSC3tJtSkhuROzvsQjAaFENRXr+19A==",
            "requires": {
                "inherits": "2.0.3"
            }
        }
    }
}
