{
    "name": "@runtheons/router",
    "version": "1.0.0",
    "lockfileVersion": 1,
    "requires": true,
    "dependencies": {
        "@runtheons/authorizzation": {
            "version": "git+https://github.com/Zexal0807/runtheons-authorizzation.git#8ca20112a1ace4da3cd893367b4c3be830dee3fa",
            "from": "git+https://github.com/Zexal0807/runtheons-authorizzation.git"
        },
        "@runtheons/response-factory": {
            "version": "git+https://github.com/Zexal0807/runtheons-response-factory.git#727e32beab388eb696b0a0d4a24fc27898c42052",
            "from": "git+https://github.com/Zexal0807/runtheons-response-factory.git"
        }
    }
}
